// !$*UTF8*$!
{
	archiveVersion = 1;
	classes = {
	};
	objectVersion = 50;
	objects = {

/* Begin PBXBuildFile section */
		DF430947244F5C7D0090E51B /* Assets.xcassets in Resources */ = {isa = PBXBuildFile; fileRef = DF430946244F5C7D0090E51B /* Assets.xcassets */; };
		DF43094A244F5C7D0090E51B /* LaunchScreen.storyboard in Resources */ = {isa = PBXBuildFile; fileRef = DF430948244F5C7D0090E51B /* LaunchScreen.storyboard */; };
		DF43094D244F5C7D0090E51B /* main.m in Sources */ = {isa = PBXBuildFile; fileRef = DF43094C244F5C7D0090E51B /* main.m */; };
		DF430954244F5D500090E51B /* libxcode.a in Frameworks */ = {isa = PBXBuildFile; fileRef = DF430953244F5D500090E51B /* libxcode.a */; };
		DF430957244F5DFE0090E51B /* libresolv.tbd in Frameworks */ = {isa = PBXBuildFile; fileRef = DF430956244F5DD60090E51B /* libresolv.tbd */; };
		DF43095A244F5E280090E51B /* libc++.tbd in Frameworks */ = {isa = PBXBuildFile; fileRef = DF430959244F5E1E0090E51B /* libc++.tbd */; };
/* End PBXBuildFile section */

/* Begin PBXFileReference section */
		DF430937244F5C7C0090E51B /* Kludgine Example.app */ = {isa = PBXFileReference; explicitFileType = wrapper.application; includeInIndex = 0; path = "Kludgine Example.app"; sourceTree = BUILT_PRODUCTS_DIR; };
		DF430946244F5C7D0090E51B /* Assets.xcassets */ = {isa = PBXFileReference; lastKnownFileType = folder.assetcatalog; path = Assets.xcassets; sourceTree = "<group>"; };
		DF430949244F5C7D0090E51B /* Base */ = {isa = PBXFileReference; lastKnownFileType = file.storyboard; name = Base; path = Base.lproj/LaunchScreen.storyboard; sourceTree = "<group>"; };
		DF43094B244F5C7D0090E51B /* Info.plist */ = {isa = PBXFileReference; lastKnownFileType = text.plist.xml; path = Info.plist; sourceTree = "<group>"; };
		DF43094C244F5C7D0090E51B /* main.m */ = {isa = PBXFileReference; lastKnownFileType = sourcecode.c.objc; path = main.m; sourceTree = "<group>"; };
		DF430953244F5D500090E51B /* libxcode.a */ = {isa = PBXFileReference; lastKnownFileType = archive.ar; name = libxcode.a; path = target/universal/release/libxcode.a; sourceTree = SOURCE_ROOT; };
		DF430956244F5DD60090E51B /* libresolv.tbd */ = {isa = PBXFileReference; lastKnownFileType = "sourcecode.text-based-dylib-definition"; name = libresolv.tbd; path = usr/lib/libresolv.tbd; sourceTree = SDKROOT; };
		DF430958244F5E110090E51B /* libc.tbd */ = {isa = PBXFileReference; lastKnownFileType = "sourcecode.text-based-dylib-definition"; name = libc.tbd; path = usr/lib/libc.tbd; sourceTree = SDKROOT; };
		DF430959244F5E1E0090E51B /* libc++.tbd */ = {isa = PBXFileReference; lastKnownFileType = "sourcecode.text-based-dylib-definition"; name = "libc++.tbd"; path = "usr/lib/libc++.tbd"; sourceTree = SDKROOT; };
/* End PBXFileReference section */

/* Begin PBXFrameworksBuildPhase section */
		DF430934244F5C7C0090E51B /* Frameworks */ = {
			isa = PBXFrameworksBuildPhase;
			buildActionMask = 2147483647;
			files = (
				DF43095A244F5E280090E51B /* libc++.tbd in Frameworks */,
				DF430954244F5D500090E51B /* libxcode.a in Frameworks */,
				DF430957244F5DFE0090E51B /* libresolv.tbd in Frameworks */,
			);
			runOnlyForDeploymentPostprocessing = 0;
		};
/* End PBXFrameworksBuildPhase section */

/* Begin PBXGroup section */
		DF43092E244F5C7C0090E51B = {
			isa = PBXGroup;
			children = (
				DF430939244F5C7C0090E51B /* Kludgine Example */,
				DF430938244F5C7C0090E51B /* Products */,
				DF430955244F5DD60090E51B /* Frameworks */,
			);
			sourceTree = "<group>";
		};
		DF430938244F5C7C0090E51B /* Products */ = {
			isa = PBXGroup;
			children = (
				DF430937244F5C7C0090E51B /* Kludgine Example.app */,
			);
			name = Products;
			sourceTree = "<group>";
		};
		DF430939244F5C7C0090E51B /* Kludgine Example */ = {
			isa = PBXGroup;
			children = (
				DF430953244F5D500090E51B /* libxcode.a */,
				DF430946244F5C7D0090E51B /* Assets.xcassets */,
				DF430948244F5C7D0090E51B /* LaunchScreen.storyboard */,
				DF43094B244F5C7D0090E51B /* Info.plist */,
				DF43094C244F5C7D0090E51B /* main.m */,
			);
			path = "Kludgine Example";
			sourceTree = "<group>";
		};
		DF430955244F5DD60090E51B /* Frameworks */ = {
			isa = PBXGroup;
			children = (
				DF430959244F5E1E0090E51B /* libc++.tbd */,
				DF430958244F5E110090E51B /* libc.tbd */,
				DF430956244F5DD60090E51B /* libresolv.tbd */,
			);
			name = Frameworks;
			sourceTree = "<group>";
		};
/* End PBXGroup section */

/* Begin PBXNativeTarget section */
		DF430936244F5C7C0090E51B /* Kludgine Example */ = {
			isa = PBXNativeTarget;
			buildConfigurationList = DF430950244F5C7D0090E51B /* Build configuration list for PBXNativeTarget "Kludgine Example" */;
			buildPhases = (
				DF43095B244F632B0090E51B /* ShellScript */,
				DF430933244F5C7C0090E51B /* Sources */,
				DF430934244F5C7C0090E51B /* Frameworks */,
				DF430935244F5C7C0090E51B /* Resources */,
			);
			buildRules = (
			);
			dependencies = (
			);
			name = "Kludgine Example";
			productName = "Kludgine Example";
			productReference = DF430937244F5C7C0090E51B /* Kludgine Example.app */;
			productType = "com.apple.product-type.application";
		};
/* End PBXNativeTarget section */

/* Begin PBXProject section */
		DF43092F244F5C7C0090E51B /* Project object */ = {
			isa = PBXProject;
			attributes = {
				LastUpgradeCheck = 1140;
				ORGANIZATIONNAME = "Jonathan Johnson";
				TargetAttributes = {
					DF430936244F5C7C0090E51B = {
						CreatedOnToolsVersion = 11.4.1;
					};
				};
			};
			buildConfigurationList = DF430932244F5C7C0090E51B /* Build configuration list for PBXProject "Kludgine Example" */;
			compatibilityVersion = "Xcode 9.3";
			developmentRegion = en;
			hasScannedForEncodings = 0;
			knownRegions = (
				en,
				Base,
			);
			mainGroup = DF43092E244F5C7C0090E51B;
			productRefGroup = DF430938244F5C7C0090E51B /* Products */;
			projectDirPath = "";
			projectRoot = "";
			targets = (
				DF430936244F5C7C0090E51B /* Kludgine Example */,
			);
		};
/* End PBXProject section */

/* Begin PBXResourcesBuildPhase section */
		DF430935244F5C7C0090E51B /* Resources */ = {
			isa = PBXResourcesBuildPhase;
			buildActionMask = 2147483647;
			files = (
				DF43094A244F5C7D0090E51B /* LaunchScreen.storyboard in Resources */,
				DF430947244F5C7D0090E51B /* Assets.xcassets in Resources */,
			);
			runOnlyForDeploymentPostprocessing = 0;
		};
/* End PBXResourcesBuildPhase section */

/* Begin PBXShellScriptBuildPhase section */
		DF43095B244F632B0090E51B /* ShellScript */ = {
			isa = PBXShellScriptBuildPhase;
			buildActionMask = 2147483647;
			files = (
			);
			inputFileListPaths = (
			);
			inputPaths = (
			);
			outputFileListPaths = (
			);
			outputPaths = (
			);
			runOnlyForDeploymentPostprocessing = 0;
			shellPath = /bin/sh;
			shellScript = "# Type a script or drag a script file from your workspace to insert its path.\n~/.cargo/bin/cargo lipo --release\n";
		};
/* End PBXShellScriptBuildPhase section */

/* Begin PBXSourcesBuildPhase section */
		DF430933244F5C7C0090E51B /* Sources */ = {
			isa = PBXSourcesBuildPhase;
			buildActionMask = 2147483647;
			files = (
				DF43094D244F5C7D0090E51B /* main.m in Sources */,
			);
			runOnlyForDeploymentPostprocessing = 0;
		};
/* End PBXSourcesBuildPhase section */

/* Begin PBXVariantGroup section */
		DF430948244F5C7D0090E51B /* LaunchScreen.storyboard */ = {
			isa = PBXVariantGroup;
			children = (
				DF430949244F5C7D0090E51B /* Base */,
			);
			name = LaunchScreen.storyboard;
			sourceTree = "<group>";
		};
/* End PBXVariantGroup section */

/* Begin XCBuildConfiguration section */
		DF43094E244F5C7D0090E51B /* Debug */ = {
			isa = XCBuildConfiguration;
			buildSettings = {
				ALWAYS_SEARCH_USER_PATHS = NO;
				CLANG_ANALYZER_NONNULL = YES;
				CLANG_ANALYZER_NUMBER_OBJECT_CONVERSION = YES_AGGRESSIVE;
				CLANG_CXX_LANGUAGE_STANDARD = "gnu++14";
				CLANG_CXX_LIBRARY = "libc++";
				CLANG_ENABLE_MODULES = YES;
				CLANG_ENABLE_OBJC_ARC = YES;
				CLANG_ENABLE_OBJC_WEAK = YES;
				CLANG_WARN_BLOCK_CAPTURE_AUTORELEASING = YES;
				CLANG_WARN_BOOL_CONVERSION = YES;
				CLANG_WARN_COMMA = YES;
				CLANG_WARN_CONSTANT_CONVERSION = YES;
				CLANG_WARN_DEPRECATED_OBJC_IMPLEMENTATIONS = YES;
				CLANG_WARN_DIRECT_OBJC_ISA_USAGE = YES_ERROR;
				CLANG_WARN_DOCUMENTATION_COMMENTS = YES;
				CLANG_WARN_EMPTY_BODY = YES;
				CLANG_WARN_ENUM_CONVERSION = YES;
				CLANG_WARN_INFINITE_RECURSION = YES;
				CLANG_WARN_INT_CONVERSION = YES;
				CLANG_WARN_NON_LITERAL_NULL_CONVERSION = YES;
				CLANG_WARN_OBJC_IMPLICIT_RETAIN_SELF = YES;
				CLANG_WARN_OBJC_LITERAL_CONVERSION = YES;
				CLANG_WARN_OBJC_ROOT_CLASS = YES_ERROR;
				CLANG_WARN_RANGE_LOOP_ANALYSIS = YES;
				CLANG_WARN_STRICT_PROTOTYPES = YES;
				CLANG_WARN_SUSPICIOUS_MOVE = YES;
				CLANG_WARN_UNGUARDED_AVAILABILITY = YES_AGGRESSIVE;
				CLANG_WARN_UNREACHABLE_CODE = YES;
				CLANG_WARN__DUPLICATE_METHOD_MATCH = YES;
				COPY_PHASE_STRIP = NO;
				DEBUG_INFORMATION_FORMAT = dwarf;
				ENABLE_STRICT_OBJC_MSGSEND = YES;
				ENABLE_TESTABILITY = YES;
				GCC_C_LANGUAGE_STANDARD = gnu11;
				GCC_DYNAMIC_NO_PIC = NO;
				GCC_NO_COMMON_BLOCKS = YES;
				GCC_OPTIMIZATION_LEVEL = 0;
				GCC_PREPROCESSOR_DEFINITIONS = (
					"DEBUG=1",
					"$(inherited)",
				);
				GCC_WARN_64_TO_32_BIT_CONVERSION = YES;
				GCC_WARN_ABOUT_RETURN_TYPE = YES_ERROR;
				GCC_WARN_UNDECLARED_SELECTOR = YES;
				GCC_WARN_UNINITIALIZED_AUTOS = YES_AGGRESSIVE;
				GCC_WARN_UNUSED_FUNCTION = YES;
				GCC_WARN_UNUSED_VARIABLE = YES;
				IPHONEOS_DEPLOYMENT_TARGET = 13.4;
				MTL_ENABLE_DEBUG_INFO = INCLUDE_SOURCE;
				MTL_FAST_MATH = YES;
				ONLY_ACTIVE_ARCH = YES;
				SDKROOT = iphoneos;
			};
			name = Debug;
		};
		DF43094F244F5C7D0090E51B /* Release */ = {
			isa = XCBuildConfiguration;
			buildSettings = {
				ALWAYS_SEARCH_USER_PATHS = NO;
				CLANG_ANALYZER_NONNULL = YES;
				CLANG_ANALYZER_NUMBER_OBJECT_CONVERSION = YES_AGGRESSIVE;
				CLANG_CXX_LANGUAGE_STANDARD = "gnu++14";
				CLANG_CXX_LIBRARY = "libc++";
				CLANG_ENABLE_MODULES = YES;
				CLANG_ENABLE_OBJC_ARC = YES;
				CLANG_ENABLE_OBJC_WEAK = YES;
				CLANG_WARN_BLOCK_CAPTURE_AUTORELEASING = YES;
				CLANG_WARN_BOOL_CONVERSION = YES;
				CLANG_WARN_COMMA = YES;
				CLANG_WARN_CONSTANT_CONVERSION = YES;
				CLANG_WARN_DEPRECATED_OBJC_IMPLEMENTATIONS = YES;
				CLANG_WARN_DIRECT_OBJC_ISA_USAGE = YES_ERROR;
				CLANG_WARN_DOCUMENTATION_COMMENTS = YES;
				CLANG_WARN_EMPTY_BODY = YES;
				CLANG_WARN_ENUM_CONVERSION = YES;
				CLANG_WARN_INFINITE_RECURSION = YES;
				CLANG_WARN_INT_CONVERSION = YES;
				CLANG_WARN_NON_LITERAL_NULL_CONVERSION = YES;
				CLANG_WARN_OBJC_IMPLICIT_RETAIN_SELF = YES;
				CLANG_WARN_OBJC_LITERAL_CONVERSION = YES;
				CLANG_WARN_OBJC_ROOT_CLASS = YES_ERROR;
				CLANG_WARN_RANGE_LOOP_ANALYSIS = YES;
				CLANG_WARN_STRICT_PROTOTYPES = YES;
				CLANG_WARN_SUSPICIOUS_MOVE = YES;
				CLANG_WARN_UNGUARDED_AVAILABILITY = YES_AGGRESSIVE;
				CLANG_WARN_UNREACHABLE_CODE = YES;
				CLANG_WARN__DUPLICATE_METHOD_MATCH = YES;
				COPY_PHASE_STRIP = NO;
				DEBUG_INFORMATION_FORMAT = "dwarf-with-dsym";
				ENABLE_NS_ASSERTIONS = NO;
				ENABLE_STRICT_OBJC_MSGSEND = YES;
				GCC_C_LANGUAGE_STANDARD = gnu11;
				GCC_NO_COMMON_BLOCKS = YES;
				GCC_WARN_64_TO_32_BIT_CONVERSION = YES;
				GCC_WARN_ABOUT_RETURN_TYPE = YES_ERROR;
				GCC_WARN_UNDECLARED_SELECTOR = YES;
				GCC_WARN_UNINITIALIZED_AUTOS = YES_AGGRESSIVE;
				GCC_WARN_UNUSED_FUNCTION = YES;
				GCC_WARN_UNUSED_VARIABLE = YES;
				IPHONEOS_DEPLOYMENT_TARGET = 13.4;
				MTL_ENABLE_DEBUG_INFO = NO;
				MTL_FAST_MATH = YES;
				SDKROOT = iphoneos;
				VALIDATE_PRODUCT = YES;
			};
			name = Release;
		};
		DF430951244F5C7D0090E51B /* Debug */ = {
			isa = XCBuildConfiguration;
			buildSettings = {
				ASSETCATALOG_COMPILER_APPICON_NAME = AppIcon;
				CODE_SIGN_STYLE = Automatic;
				DEVELOPMENT_TEAM = KKFX7832X2;
				ENABLE_BITCODE = NO;
				INFOPLIST_FILE = "Kludgine Example/Info.plist";
				LD_RUNPATH_SEARCH_PATHS = (
					"$(inherited)",
					"@executable_path/Frameworks",
				);
				LIBRARY_SEARCH_PATHS = (
					"$(inherited)",
					"$(PROJECT_DIR)/target/universal/release",
				);
				PRODUCT_BUNDLE_IDENTIFIER = "com.khonsulabs.Kludgine-Example";
				PRODUCT_NAME = "$(TARGET_NAME)";
				TARGETED_DEVICE_FAMILY = "1,2";
			};
			name = Debug;
		};
		DF430952244F5C7D0090E51B /* Release */ = {
			isa = XCBuildConfiguration;
			buildSettings = {
				ASSETCATALOG_COMPILER_APPICON_NAME = AppIcon;
				CODE_SIGN_STYLE = Automatic;
				DEVELOPMENT_TEAM = KKFX7832X2;
				ENABLE_BITCODE = NO;
				INFOPLIST_FILE = "Kludgine Example/Info.plist";
				LD_RUNPATH_SEARCH_PATHS = (
					"$(inherited)",
					"@executable_path/Frameworks",
				);
				LIBRARY_SEARCH_PATHS = (
					"$(inherited)",
					"$(PROJECT_DIR)/target/universal/release",
				);
				PRODUCT_BUNDLE_IDENTIFIER = "com.khonsulabs.Kludgine-Example";
				PRODUCT_NAME = "$(TARGET_NAME)";
				TARGETED_DEVICE_FAMILY = "1,2";
			};
			name = Release;
		};
/* End XCBuildConfiguration section */

/* Begin XCConfigurationList section */
		DF430932244F5C7C0090E51B /* Build configuration list for PBXProject "Kludgine Example" */ = {
			isa = XCConfigurationList;
			buildConfigurations = (
				DF43094E244F5C7D0090E51B /* Debug */,
				DF43094F244F5C7D0090E51B /* Release */,
			);
			defaultConfigurationIsVisible = 0;
			defaultConfigurationName = Release;
		};
		DF430950244F5C7D0090E51B /* Build configuration list for PBXNativeTarget "Kludgine Example" */ = {
			isa = XCConfigurationList;
			buildConfigurations = (
				DF430951244F5C7D0090E51B /* Debug */,
				DF430952244F5C7D0090E51B /* Release */,
			);
			defaultConfigurationIsVisible = 0;
			defaultConfigurationName = Release;
		};
/* End XCConfigurationList section */
	};
	rootObject = DF43092F244F5C7C0090E51B /* Project object */;
}
